<?xml version="1.0" encoding="utf-8"?>
<Project ToolsVersion="4.0" xmlns="http://schemas.microsoft.com/developer/msbuild/2003">
  <ItemGroup>
    <Filter Include="Source Files">
      <UniqueIdentifier>{0db6bd7c-e769-4a64-bbc8-2e286ca9fb74}</UniqueIdentifier>
      <Extensions>cpp;c;cxx;rc;def;r;odl;idl;hpj;bat</Extensions>
    </Filter>
    <Filter Include="Header Files">
      <UniqueIdentifier>{95b1d1e5-279e-4207-a51d-1659fdf9cdec}</UniqueIdentifier>
      <Extensions>h;hpp;hxx;hm;inl</Extensions>
    </Filter>
    <Filter Include="Resource Files">
      <UniqueIdentifier>{a7e0fa3b-9258-47f9-bcb2-773bf4a5e9e3}</UniqueIdentifier>
      <Extensions>ico;cur;bmp;dlg;rc2;rct;bin;rgs;gif;jpg;jpeg;jpe</Extensions>
    </Filter>
    <Filter Include="projcode">
      <UniqueIdentifier>{64bb6f54-4bd6-4ae6-85a4-5dd6a9df061f}</UniqueIdentifier>
    </Filter>
  </ItemGroup>
  <ItemGroup>
    <ResourceCompile Include="Script1.rc">
      <Filter>Resource Files</Filter>
    </ResourceCompile>
  </ItemGroup>
  <ItemGroup>
    <ClInclude Include="resource.h">
      <Filter>Header Files</Filter>
    </ClInclude>
    <ClInclude Include="..\projcode\globalVars.h">
      <Filter>projcode</Filter>
    </ClInclude>
    <ClInclude Include="..\projcode\initGame.h">
      <Filter>projcode</Filter>
    </ClInclude>
  </ItemGroup>
  <ItemGroup>
    <ClCompile Include="..\projcode\globalVars.cpp">
      <Filter>projcode</Filter>
    </ClCompile>
    <ClCompile Include="..\projcode\initGame.cpp">
      <Filter>projcode</Filter>
    </ClCompile>
    <ClCompile Include="mainWindow.cpp">
      <Filter>Source Files</Filter>
    </ClCompile>
  </ItemGroup>
</Project>