
Microsoft Visual Studio Solution File, Format Version 11.00
# Visual Studio 2010
Project("{8BC9CEB8-8B4A-11D0-8D11-00A0C91BC942}") = "c3dEngine", "..\..\..\c3dEngine\proj.win32\c3dEngine\c3dEngine\c3dEngine.vcxproj", "{7E79B6E6-7673-4B42-9688-DF01F0E13F0E}"
EndProject
Project("{2150E333-8FDC-42A3-9474-1A3956D46DE8}") = "demos", "demos", "{F83724CF-8D28-4FF8-A711-9D57C7B8655C}"
EndProject
Project("{8BC9CEB8-8B4A-11D0-8D11-00A0C91BC942}") = "app_box", "..\..\app_box\proj.win32\app_box.vcxproj", "{6F595674-F760-3EB0-C0DF-E6F74D0FF03E}"
	ProjectSection(ProjectDependencies) = postProject
		{7E79B6E6-7673-4B42-9688-DF01F0E13F0E} = {7E79B6E6-7673-4B42-9688-DF01F0E13F0E}
	EndProjectSection
EndProject
Project("{8BC9CEB8-8B4A-11D0-8D11-00A0C91BC942}") = "app_bulletTest1", "..\..\app_bulletTest1\proj.win32\app_bulletTest1.vcxproj", "{BB102928-AB7A-E7EC-B1A7-782340286936}"
	ProjectSection(ProjectDependencies) = postProject
		{7E79B6E6-7673-4B42-9688-DF01F0E13F0E} = {7E79B6E6-7673-4B42-9688-DF01F0E13F0E}
	EndProjectSection
EndProject
Project("{8BC9CEB8-8B4A-11D0-8D11-00A0C91BC942}") = "app_exportFbxToMyOwnFormat", "..\..\app_exportFbxToMyOwnFormat\proj.win32\app_exportFbxToMyOwnFormat.vcxproj", "{18E96894-570A-9266-2EF5-A64291D150B2}"
	ProjectSection(ProjectDependencies) = postProject
		{7E79B6E6-7673-4B42-9688-DF01F0E13F0E} = {7E79B6E6-7673-4B42-9688-DF01F0E13F0E}
	EndProjectSection
EndProject
Project("{8BC9CEB8-8B4A-11D0-8D11-00A0C91BC942}") = "app_fbxLoader", "..\..\app_fbxLoader\proj.win32\app_fbxLoader.vcxproj", "{06D44FF1-952F-BE41-2D2C-216681D7FFB3}"
	ProjectSection(ProjectDependencies) = postProject
		{7E79B6E6-7673-4B42-9688-DF01F0E13F0E} = {7E79B6E6-7673-4B42-9688-DF01F0E13F0E}
	EndProjectSection
EndProject
Project("{8BC9CEB8-8B4A-11D0-8D11-00A0C91BC942}") = "app_importMyOwnFormat", "..\..\app_importMyOwnFormat\proj.win32\app_importMyOwnFormat.vcxproj", "{0D1D9A65-41D4-BE53-3A72-0C5CC6BAEE85}"
	ProjectSection(ProjectDependencies) = postProject
		{7E79B6E6-7673-4B42-9688-DF01F0E13F0E} = {7E79B6E6-7673-4B42-9688-DF01F0E13F0E}
	EndProjectSection
EndProject
Project("{8BC9CEB8-8B4A-11D0-8D11-00A0C91BC942}") = "app_terrain", "..\..\app_terrain\proj.win32\app_terrain.vcxproj", "{0DDC89C2-E45A-5095-225A-9CF5A95CB553}"
	ProjectSection(ProjectDependencies) = postProject
		{7E79B6E6-7673-4B42-9688-DF01F0E13F0E} = {7E79B6E6-7673-4B42-9688-DF01F0E13F0E}
	EndProjectSection
EndProject
Project("{2150E333-8FDC-42A3-9474-1A3956D46DE8}") = "superSingleCell", "superSingleCell", "{A35AF6CF-0B46-4C53-8820-57DF9A998928}"
EndProject
Project("{8BC9CEB8-8B4A-11D0-8D11-00A0C91BC942}") = "app_superSingleCell", "..\..\app_superSingleCell\proj.win32\app_superSingleCell.vcxproj", "{7BE82A5E-3F65-6881-3AB5-D5762C131D0F}"
	ProjectSection(ProjectDependencies) = postProject
		{7E79B6E6-7673-4B42-9688-DF01F0E13F0E} = {7E79B6E6-7673-4B42-9688-DF01F0E13F0E}
	EndProjectSection
EndProject
Project("{8BC9CEB8-8B4A-11D0-8D11-00A0C91BC942}") = "app_fbxLoader_static", "..\..\app_fbxLoader_static\proj.win32\app_fbxLoader_static.vcxproj", "{55D69FE7-2B99-6327-0A20-5D5CAA6BDCA6}"
	ProjectSection(ProjectDependencies) = postProject
		{7E79B6E6-7673-4B42-9688-DF01F0E13F0E} = {7E79B6E6-7673-4B42-9688-DF01F0E13F0E}
	EndProjectSection
EndProject
Project("{8BC9CEB8-8B4A-11D0-8D11-00A0C91BC942}") = "app_cubemap", "..\..\app_cubemap\proj.win32\app_cubemap.vcxproj", "{9DBFF57F-7759-952C-BCE8-1B74E7A5A4B2}"
	ProjectSection(ProjectDependencies) = postProject
		{7E79B6E6-7673-4B42-9688-DF01F0E13F0E} = {7E79B6E6-7673-4B42-9688-DF01F0E13F0E}
	EndProjectSection
EndProject
Project("{2150E333-8FDC-42A3-9474-1A3956D46DE8}") = "app_fbxLoader_caomei", "app_fbxLoader_caomei", "{055A1B63-6633-4C2D-983B-BC6C62C2CD59}"
EndProject
Project("{8BC9CEB8-8B4A-11D0-8D11-00A0C91BC942}") = "app_fbxLoader", "..\..\app_fbxLoader_caomei\proj.win32\app_fbxLoader.vcxproj", "{9384570C-B6C4-7748-AB4A-8D4CF375D3BA}"
EndProject
Project("{2150E333-8FDC-42A3-9474-1A3956D46DE8}") = "app_fbxLoader_shapeDeformTest", "app_fbxLoader_shapeDeformTest", "{2E122BCF-C822-498E-805B-8B6625FA9780}"
EndProject
Project("{8BC9CEB8-8B4A-11D0-8D11-00A0C91BC942}") = "app_fbxLoader", "..\..\app_fbxLoader_shapeDeformTest\proj.win32\app_fbxLoader.vcxproj", "{B8C62F02-D22F-0674-2520-C0C4E23581D2}"
EndProject
Global
	GlobalSection(SolutionConfigurationPlatforms) = preSolution
		Debug|Win32 = Debug|Win32
		Release|Win32 = Release|Win32
	EndGlobalSection
	GlobalSection(ProjectConfigurationPlatforms) = postSolution
		{7E79B6E6-7673-4B42-9688-DF01F0E13F0E}.Debug|Win32.ActiveCfg = Debug|Win32
		{7E79B6E6-7673-4B42-9688-DF01F0E13F0E}.Debug|Win32.Build.0 = Debug|Win32
		{7E79B6E6-7673-4B42-9688-DF01F0E13F0E}.Release|Win32.ActiveCfg = Release|Win32
		{7E79B6E6-7673-4B42-9688-DF01F0E13F0E}.Release|Win32.Build.0 = Release|Win32
		{6F595674-F760-3EB0-C0DF-E6F74D0FF03E}.Debug|Win32.ActiveCfg = Debug|Win32
		{6F595674-F760-3EB0-C0DF-E6F74D0FF03E}.Debug|Win32.Build.0 = Debug|Win32
		{6F595674-F760-3EB0-C0DF-E6F74D0FF03E}.Release|Win32.ActiveCfg = Release|Win32
		{6F595674-F760-3EB0-C0DF-E6F74D0FF03E}.Release|Win32.Build.0 = Release|Win32
		{BB102928-AB7A-E7EC-B1A7-782340286936}.Debug|Win32.ActiveCfg = Debug|Win32
		{BB102928-AB7A-E7EC-B1A7-782340286936}.Debug|Win32.Build.0 = Debug|Win32
		{BB102928-AB7A-E7EC-B1A7-782340286936}.Release|Win32.ActiveCfg = Release|Win32
		{BB102928-AB7A-E7EC-B1A7-782340286936}.Release|Win32.Build.0 = Release|Win32
		{18E96894-570A-9266-2EF5-A64291D150B2}.Debug|Win32.ActiveCfg = Debug|Win32
		{18E96894-570A-9266-2EF5-A64291D150B2}.Debug|Win32.Build.0 = Debug|Win32
		{18E96894-570A-9266-2EF5-A64291D150B2}.Release|Win32.ActiveCfg = Release|Win32
		{18E96894-570A-9266-2EF5-A64291D150B2}.Release|Win32.Build.0 = Release|Win32
		{06D44FF1-952F-BE41-2D2C-216681D7FFB3}.Debug|Win32.ActiveCfg = Debug|Win32
		{06D44FF1-952F-BE41-2D2C-216681D7FFB3}.Debug|Win32.Build.0 = Debug|Win32
		{06D44FF1-952F-BE41-2D2C-216681D7FFB3}.Release|Win32.ActiveCfg = Release|Win32
		{06D44FF1-952F-BE41-2D2C-216681D7FFB3}.Release|Win32.Build.0 = Release|Win32
		{0D1D9A65-41D4-BE53-3A72-0C5CC6BAEE85}.Debug|Win32.ActiveCfg = Debug|Win32
		{0D1D9A65-41D4-BE53-3A72-0C5CC6BAEE85}.Debug|Win32.Build.0 = Debug|Win32
		{0D1D9A65-41D4-BE53-3A72-0C5CC6BAEE85}.Release|Win32.ActiveCfg = Release|Win32
		{0D1D9A65-41D4-BE53-3A72-0C5CC6BAEE85}.Release|Win32.Build.0 = Release|Win32
		{0DDC89C2-E45A-5095-225A-9CF5A95CB553}.Debug|Win32.ActiveCfg = Debug|Win32
		{0DDC89C2-E45A-5095-225A-9CF5A95CB553}.Debug|Win32.Build.0 = Debug|Win32
		{0DDC89C2-E45A-5095-225A-9CF5A95CB553}.Release|Win32.ActiveCfg = Release|Win32
		{0DDC89C2-E45A-5095-225A-9CF5A95CB553}.Release|Win32.Build.0 = Release|Win32
		{7BE82A5E-3F65-6881-3AB5-D5762C131D0F}.Debug|Win32.ActiveCfg = Debug|Win32
		{7BE82A5E-3F65-6881-3AB5-D5762C131D0F}.Debug|Win32.Build.0 = Debug|Win32
		{7BE82A5E-3F65-6881-3AB5-D5762C131D0F}.Release|Win32.ActiveCfg = Release|Win32
		{7BE82A5E-3F65-6881-3AB5-D5762C131D0F}.Release|Win32.Build.0 = Release|Win32
		{55D69FE7-2B99-6327-0A20-5D5CAA6BDCA6}.Debug|Win32.ActiveCfg = Debug|Win32
		{55D69FE7-2B99-6327-0A20-5D5CAA6BDCA6}.Debug|Win32.Build.0 = Debug|Win32
		{55D69FE7-2B99-6327-0A20-5D5CAA6BDCA6}.Release|Win32.ActiveCfg = Release|Win32
		{55D69FE7-2B99-6327-0A20-5D5CAA6BDCA6}.Release|Win32.Build.0 = Release|Win32
		{9DBFF57F-7759-952C-BCE8-1B74E7A5A4B2}.Debug|Win32.ActiveCfg = Debug|Win32
		{9DBFF57F-7759-952C-BCE8-1B74E7A5A4B2}.Debug|Win32.Build.0 = Debug|Win32
		{9DBFF57F-7759-952C-BCE8-1B74E7A5A4B2}.Release|Win32.ActiveCfg = Release|Win32
		{9DBFF57F-7759-952C-BCE8-1B74E7A5A4B2}.Release|Win32.Build.0 = Release|Win32
		{9384570C-B6C4-7748-AB4A-8D4CF375D3BA}.Debug|Win32.ActiveCfg = Debug|Win32
		{9384570C-B6C4-7748-AB4A-8D4CF375D3BA}.Debug|Win32.Build.0 = Debug|Win32
		{9384570C-B6C4-7748-AB4A-8D4CF375D3BA}.Release|Win32.ActiveCfg = Release|Win32
		{9384570C-B6C4-7748-AB4A-8D4CF375D3BA}.Release|Win32.Build.0 = Release|Win32
		{B8C62F02-D22F-0674-2520-C0C4E23581D2}.Debug|Win32.ActiveCfg = Debug|Win32
		{B8C62F02-D22F-0674-2520-C0C4E23581D2}.Debug|Win32.Build.0 = Debug|Win32
		{B8C62F02-D22F-0674-2520-C0C4E23581D2}.Release|Win32.ActiveCfg = Release|Win32
		{B8C62F02-D22F-0674-2520-C0C4E23581D2}.Release|Win32.Build.0 = Release|Win32
	EndGlobalSection
	GlobalSection(SolutionProperties) = preSolution
		HideSolutionNode = FALSE
	EndGlobalSection
	GlobalSection(NestedProjects) = preSolution
		{6F595674-F760-3EB0-C0DF-E6F74D0FF03E} = {F83724CF-8D28-4FF8-A711-9D57C7B8655C}
		{BB102928-AB7A-E7EC-B1A7-782340286936} = {F83724CF-8D28-4FF8-A711-9D57C7B8655C}
		{18E96894-570A-9266-2EF5-A64291D150B2} = {F83724CF-8D28-4FF8-A711-9D57C7B8655C}
		{06D44FF1-952F-BE41-2D2C-216681D7FFB3} = {F83724CF-8D28-4FF8-A711-9D57C7B8655C}
		{0D1D9A65-41D4-BE53-3A72-0C5CC6BAEE85} = {F83724CF-8D28-4FF8-A711-9D57C7B8655C}
		{0DDC89C2-E45A-5095-225A-9CF5A95CB553} = {F83724CF-8D28-4FF8-A711-9D57C7B8655C}
		{55D69FE7-2B99-6327-0A20-5D5CAA6BDCA6} = {F83724CF-8D28-4FF8-A711-9D57C7B8655C}
		{9DBFF57F-7759-952C-BCE8-1B74E7A5A4B2} = {F83724CF-8D28-4FF8-A711-9D57C7B8655C}
		{055A1B63-6633-4C2D-983B-BC6C62C2CD59} = {F83724CF-8D28-4FF8-A711-9D57C7B8655C}
		{2E122BCF-C822-498E-805B-8B6625FA9780} = {F83724CF-8D28-4FF8-A711-9D57C7B8655C}
		{7BE82A5E-3F65-6881-3AB5-D5762C131D0F} = {A35AF6CF-0B46-4C53-8820-57DF9A998928}
		{9384570C-B6C4-7748-AB4A-8D4CF375D3BA} = {055A1B63-6633-4C2D-983B-BC6C62C2CD59}
		{B8C62F02-D22F-0674-2520-C0C4E23581D2} = {2E122BCF-C822-498E-805B-8B6625FA9780}
	EndGlobalSection
EndGlobal
