
Microsoft Visual Studio Solution File, Format Version 11.00
# Visual Studio 2010
Project("{8BC9CEB8-8B4A-11D0-8D11-00A0C91BC942}") = "c3dEngine", "..\..\..\c3dEngine\proj.win32\c3dEngine\c3dEngine\c3dEngine.vcxproj", "{7E79B6E6-7673-4B42-9688-DF01F0E13F0E}"
EndProject
Project("{2150E333-8FDC-42A3-9474-1A3956D46DE8}") = "demos", "demos", "{F83724CF-8D28-4FF8-A711-9D57C7B8655C}"
EndProject
Project("{8BC9CEB8-8B4A-11D0-8D11-00A0C91BC942}") = "app_box", "..\..\app_box\proj.win32\app_box.vcxproj", "{047B3898-7F15-1B6D-8E05-59EF7F840968}"
	ProjectSection(ProjectDependencies) = postProject
		{7E79B6E6-7673-4B42-9688-DF01F0E13F0E} = {7E79B6E6-7673-4B42-9688-DF01F0E13F0E}
	EndProjectSection
EndProject
Project("{8BC9CEB8-8B4A-11D0-8D11-00A0C91BC942}") = "app_bulletTest1", "..\..\app_bulletTest1\proj.win32\app_bulletTest1.vcxproj", "{5581CAB3-1C28-E1FE-9DD8-DE94CBE4E9EB}"
	ProjectSection(ProjectDependencies) = postProject
		{7E79B6E6-7673-4B42-9688-DF01F0E13F0E} = {7E79B6E6-7673-4B42-9688-DF01F0E13F0E}
	EndProjectSection
EndProject
Project("{8BC9CEB8-8B4A-11D0-8D11-00A0C91BC942}") = "app_importMyOwnFormat", "..\..\app_importMyOwnFormat\proj.win32\app_importMyOwnFormat.vcxproj", "{3D5094B9-B3C5-B5C2-7F17-E39D99D67636}"
	ProjectSection(ProjectDependencies) = postProject
		{7E79B6E6-7673-4B42-9688-DF01F0E13F0E} = {7E79B6E6-7673-4B42-9688-DF01F0E13F0E}
	EndProjectSection
EndProject
Project("{8BC9CEB8-8B4A-11D0-8D11-00A0C91BC942}") = "app_terrain", "..\..\app_terrain\proj.win32\app_terrain.vcxproj", "{9E59765B-2FEF-F64F-5DAC-8C9C665A6521}"
	ProjectSection(ProjectDependencies) = postProject
		{7E79B6E6-7673-4B42-9688-DF01F0E13F0E} = {7E79B6E6-7673-4B42-9688-DF01F0E13F0E}
	EndProjectSection
EndProject
Project("{8BC9CEB8-8B4A-11D0-8D11-00A0C91BC942}") = "app_cubemap", "..\..\app_cubemap\proj.win32\app_cubemap.vcxproj", "{1CB50177-368E-9E32-4A70-88214DE8BA46}"
	ProjectSection(ProjectDependencies) = postProject
		{7E79B6E6-7673-4B42-9688-DF01F0E13F0E} = {7E79B6E6-7673-4B42-9688-DF01F0E13F0E}
	EndProjectSection
EndProject
Project("{8BC9CEB8-8B4A-11D0-8D11-00A0C91BC942}") = "app_superSingleCell", "..\..\app_superSingleCell\proj.win32\app_superSingleCell.vcxproj", "{FA5916B1-C481-3C80-69EF-227BC0CD4368}"
EndProject
Project("{2150E333-8FDC-42A3-9474-1A3956D46DE8}") = "singleCellGame", "singleCellGame", "{C6939685-3CD4-44CE-9D17-7EEDF7A4194C}"
EndProject
Global
	GlobalSection(SolutionConfigurationPlatforms) = preSolution
		Debug|Win32 = Debug|Win32
		Release|Win32 = Release|Win32
	EndGlobalSection
	GlobalSection(ProjectConfigurationPlatforms) = postSolution
		{7E79B6E6-7673-4B42-9688-DF01F0E13F0E}.Debug|Win32.ActiveCfg = Debug|Win32
		{7E79B6E6-7673-4B42-9688-DF01F0E13F0E}.Debug|Win32.Build.0 = Debug|Win32
		{7E79B6E6-7673-4B42-9688-DF01F0E13F0E}.Release|Win32.ActiveCfg = Release|Win32
		{7E79B6E6-7673-4B42-9688-DF01F0E13F0E}.Release|Win32.Build.0 = Release|Win32
		{047B3898-7F15-1B6D-8E05-59EF7F840968}.Debug|Win32.ActiveCfg = Debug|Win32
		{047B3898-7F15-1B6D-8E05-59EF7F840968}.Debug|Win32.Build.0 = Debug|Win32
		{047B3898-7F15-1B6D-8E05-59EF7F840968}.Release|Win32.ActiveCfg = Release|Win32
		{047B3898-7F15-1B6D-8E05-59EF7F840968}.Release|Win32.Build.0 = Release|Win32
		{5581CAB3-1C28-E1FE-9DD8-DE94CBE4E9EB}.Debug|Win32.ActiveCfg = Debug|Win32
		{5581CAB3-1C28-E1FE-9DD8-DE94CBE4E9EB}.Debug|Win32.Build.0 = Debug|Win32
		{5581CAB3-1C28-E1FE-9DD8-DE94CBE4E9EB}.Release|Win32.ActiveCfg = Release|Win32
		{5581CAB3-1C28-E1FE-9DD8-DE94CBE4E9EB}.Release|Win32.Build.0 = Release|Win32
		{3D5094B9-B3C5-B5C2-7F17-E39D99D67636}.Debug|Win32.ActiveCfg = Debug|Win32
		{3D5094B9-B3C5-B5C2-7F17-E39D99D67636}.Debug|Win32.Build.0 = Debug|Win32
		{3D5094B9-B3C5-B5C2-7F17-E39D99D67636}.Release|Win32.ActiveCfg = Release|Win32
		{3D5094B9-B3C5-B5C2-7F17-E39D99D67636}.Release|Win32.Build.0 = Release|Win32
		{9E59765B-2FEF-F64F-5DAC-8C9C665A6521}.Debug|Win32.ActiveCfg = Debug|Win32
		{9E59765B-2FEF-F64F-5DAC-8C9C665A6521}.Debug|Win32.Build.0 = Debug|Win32
		{9E59765B-2FEF-F64F-5DAC-8C9C665A6521}.Release|Win32.ActiveCfg = Release|Win32
		{9E59765B-2FEF-F64F-5DAC-8C9C665A6521}.Release|Win32.Build.0 = Release|Win32
		{1CB50177-368E-9E32-4A70-88214DE8BA46}.Debug|Win32.ActiveCfg = Debug|Win32
		{1CB50177-368E-9E32-4A70-88214DE8BA46}.Debug|Win32.Build.0 = Debug|Win32
		{1CB50177-368E-9E32-4A70-88214DE8BA46}.Release|Win32.ActiveCfg = Release|Win32
		{1CB50177-368E-9E32-4A70-88214DE8BA46}.Release|Win32.Build.0 = Release|Win32
		{FA5916B1-C481-3C80-69EF-227BC0CD4368}.Debug|Win32.ActiveCfg = Debug|Win32
		{FA5916B1-C481-3C80-69EF-227BC0CD4368}.Debug|Win32.Build.0 = Debug|Win32
		{FA5916B1-C481-3C80-69EF-227BC0CD4368}.Release|Win32.ActiveCfg = Release|Win32
		{FA5916B1-C481-3C80-69EF-227BC0CD4368}.Release|Win32.Build.0 = Release|Win32
	EndGlobalSection
	GlobalSection(SolutionProperties) = preSolution
		HideSolutionNode = FALSE
	EndGlobalSection
	GlobalSection(NestedProjects) = preSolution
		{047B3898-7F15-1B6D-8E05-59EF7F840968} = {F83724CF-8D28-4FF8-A711-9D57C7B8655C}
		{5581CAB3-1C28-E1FE-9DD8-DE94CBE4E9EB} = {F83724CF-8D28-4FF8-A711-9D57C7B8655C}
		{3D5094B9-B3C5-B5C2-7F17-E39D99D67636} = {F83724CF-8D28-4FF8-A711-9D57C7B8655C}
		{9E59765B-2FEF-F64F-5DAC-8C9C665A6521} = {F83724CF-8D28-4FF8-A711-9D57C7B8655C}
		{1CB50177-368E-9E32-4A70-88214DE8BA46} = {F83724CF-8D28-4FF8-A711-9D57C7B8655C}
		{FA5916B1-C481-3C80-69EF-227BC0CD4368} = {C6939685-3CD4-44CE-9D17-7EEDF7A4194C}
	EndGlobalSection
EndGlobal
