
Microsoft Visual Studio Solution File, Format Version 11.00
# Visual Studio 2010
Project("{8BC9CEB8-8B4A-11D0-8D11-00A0C91BC942}") = "c3dEngine", "..\..\..\c3dEngine\proj.win32\c3dEngine\c3dEngine\c3dEngine.vcxproj", "{7E79B6E6-7673-4B42-9688-DF01F0E13F0E}"
EndProject
Project("{2150E333-8FDC-42A3-9474-1A3956D46DE8}") = "demos", "demos", "{F83724CF-8D28-4FF8-A711-9D57C7B8655C}"
EndProject
Project("{8BC9CEB8-8B4A-11D0-8D11-00A0C91BC942}") = "app_box", "..\..\app_box\proj.win32\app_box.vcxproj", "{4447AEB9-DCA3-4C43-B1D0-1A5310E30B28}"
	ProjectSection(ProjectDependencies) = postProject
		{7E79B6E6-7673-4B42-9688-DF01F0E13F0E} = {7E79B6E6-7673-4B42-9688-DF01F0E13F0E}
	EndProjectSection
EndProject
Project("{8BC9CEB8-8B4A-11D0-8D11-00A0C91BC942}") = "app_bulletTest1", "..\..\app_bulletTest1\proj.win32\app_bulletTest1.vcxproj", "{D1EA34E5-987B-3AED-5B5B-531DF7DC200E}"
	ProjectSection(ProjectDependencies) = postProject
		{7E79B6E6-7673-4B42-9688-DF01F0E13F0E} = {7E79B6E6-7673-4B42-9688-DF01F0E13F0E}
	EndProjectSection
EndProject
Project("{8BC9CEB8-8B4A-11D0-8D11-00A0C91BC942}") = "app_importMyOwnFormat", "..\..\app_importMyOwnFormat\proj.win32\app_importMyOwnFormat.vcxproj", "{CD8A63DA-C2A0-7E0B-6AC6-56A0C9FA1972}"
	ProjectSection(ProjectDependencies) = postProject
		{7E79B6E6-7673-4B42-9688-DF01F0E13F0E} = {7E79B6E6-7673-4B42-9688-DF01F0E13F0E}
	EndProjectSection
EndProject
Project("{8BC9CEB8-8B4A-11D0-8D11-00A0C91BC942}") = "app_terrain", "..\..\app_terrain\proj.win32\app_terrain.vcxproj", "{7F678F44-C66A-2CF3-5EEA-82D974CE9B67}"
	ProjectSection(ProjectDependencies) = postProject
		{7E79B6E6-7673-4B42-9688-DF01F0E13F0E} = {7E79B6E6-7673-4B42-9688-DF01F0E13F0E}
	EndProjectSection
EndProject
Project("{8BC9CEB8-8B4A-11D0-8D11-00A0C91BC942}") = "app_cubemap", "..\..\app_cubemap\proj.win32\app_cubemap.vcxproj", "{321D0A82-59B4-FC71-030E-B73CEFE65315}"
	ProjectSection(ProjectDependencies) = postProject
		{7E79B6E6-7673-4B42-9688-DF01F0E13F0E} = {7E79B6E6-7673-4B42-9688-DF01F0E13F0E}
	EndProjectSection
EndProject
Project("{8BC9CEB8-8B4A-11D0-8D11-00A0C91BC942}") = "app_superSingleCell", "..\..\app_superSingleCell\proj.win32\app_superSingleCell.vcxproj", "{BF107E1F-EE75-8D60-2C38-E8C556257193}"
EndProject
Project("{2150E333-8FDC-42A3-9474-1A3956D46DE8}") = "singleCellGame", "singleCellGame", "{C6939685-3CD4-44CE-9D17-7EEDF7A4194C}"
EndProject
Global
	GlobalSection(SolutionConfigurationPlatforms) = preSolution
		Debug|Win32 = Debug|Win32
		Release|Win32 = Release|Win32
	EndGlobalSection
	GlobalSection(ProjectConfigurationPlatforms) = postSolution
		{7E79B6E6-7673-4B42-9688-DF01F0E13F0E}.Debug|Win32.ActiveCfg = Debug|Win32
		{7E79B6E6-7673-4B42-9688-DF01F0E13F0E}.Debug|Win32.Build.0 = Debug|Win32
		{7E79B6E6-7673-4B42-9688-DF01F0E13F0E}.Release|Win32.ActiveCfg = Release|Win32
		{7E79B6E6-7673-4B42-9688-DF01F0E13F0E}.Release|Win32.Build.0 = Release|Win32
		{4447AEB9-DCA3-4C43-B1D0-1A5310E30B28}.Debug|Win32.ActiveCfg = Debug|Win32
		{4447AEB9-DCA3-4C43-B1D0-1A5310E30B28}.Debug|Win32.Build.0 = Debug|Win32
		{4447AEB9-DCA3-4C43-B1D0-1A5310E30B28}.Release|Win32.ActiveCfg = Release|Win32
		{4447AEB9-DCA3-4C43-B1D0-1A5310E30B28}.Release|Win32.Build.0 = Release|Win32
		{D1EA34E5-987B-3AED-5B5B-531DF7DC200E}.Debug|Win32.ActiveCfg = Debug|Win32
		{D1EA34E5-987B-3AED-5B5B-531DF7DC200E}.Debug|Win32.Build.0 = Debug|Win32
		{D1EA34E5-987B-3AED-5B5B-531DF7DC200E}.Release|Win32.ActiveCfg = Release|Win32
		{D1EA34E5-987B-3AED-5B5B-531DF7DC200E}.Release|Win32.Build.0 = Release|Win32
		{CD8A63DA-C2A0-7E0B-6AC6-56A0C9FA1972}.Debug|Win32.ActiveCfg = Debug|Win32
		{CD8A63DA-C2A0-7E0B-6AC6-56A0C9FA1972}.Debug|Win32.Build.0 = Debug|Win32
		{CD8A63DA-C2A0-7E0B-6AC6-56A0C9FA1972}.Release|Win32.ActiveCfg = Release|Win32
		{CD8A63DA-C2A0-7E0B-6AC6-56A0C9FA1972}.Release|Win32.Build.0 = Release|Win32
		{7F678F44-C66A-2CF3-5EEA-82D974CE9B67}.Debug|Win32.ActiveCfg = Debug|Win32
		{7F678F44-C66A-2CF3-5EEA-82D974CE9B67}.Debug|Win32.Build.0 = Debug|Win32
		{7F678F44-C66A-2CF3-5EEA-82D974CE9B67}.Release|Win32.ActiveCfg = Release|Win32
		{7F678F44-C66A-2CF3-5EEA-82D974CE9B67}.Release|Win32.Build.0 = Release|Win32
		{321D0A82-59B4-FC71-030E-B73CEFE65315}.Debug|Win32.ActiveCfg = Debug|Win32
		{321D0A82-59B4-FC71-030E-B73CEFE65315}.Debug|Win32.Build.0 = Debug|Win32
		{321D0A82-59B4-FC71-030E-B73CEFE65315}.Release|Win32.ActiveCfg = Release|Win32
		{321D0A82-59B4-FC71-030E-B73CEFE65315}.Release|Win32.Build.0 = Release|Win32
		{BF107E1F-EE75-8D60-2C38-E8C556257193}.Debug|Win32.ActiveCfg = Debug|Win32
		{BF107E1F-EE75-8D60-2C38-E8C556257193}.Debug|Win32.Build.0 = Debug|Win32
		{BF107E1F-EE75-8D60-2C38-E8C556257193}.Release|Win32.ActiveCfg = Release|Win32
		{BF107E1F-EE75-8D60-2C38-E8C556257193}.Release|Win32.Build.0 = Release|Win32
	EndGlobalSection
	GlobalSection(SolutionProperties) = preSolution
		HideSolutionNode = FALSE
	EndGlobalSection
	GlobalSection(NestedProjects) = preSolution
		{4447AEB9-DCA3-4C43-B1D0-1A5310E30B28} = {F83724CF-8D28-4FF8-A711-9D57C7B8655C}
		{D1EA34E5-987B-3AED-5B5B-531DF7DC200E} = {F83724CF-8D28-4FF8-A711-9D57C7B8655C}
		{CD8A63DA-C2A0-7E0B-6AC6-56A0C9FA1972} = {F83724CF-8D28-4FF8-A711-9D57C7B8655C}
		{7F678F44-C66A-2CF3-5EEA-82D974CE9B67} = {F83724CF-8D28-4FF8-A711-9D57C7B8655C}
		{321D0A82-59B4-FC71-030E-B73CEFE65315} = {F83724CF-8D28-4FF8-A711-9D57C7B8655C}
		{BF107E1F-EE75-8D60-2C38-E8C556257193} = {C6939685-3CD4-44CE-9D17-7EEDF7A4194C}
	EndGlobalSection
EndGlobal
